// !$*UTF8*$!
{
	archiveVersion = 1;
	classes = {
	};
	objectVersion = 46;
	objects = {

/* Begin PBXBuildFile section */
		C0E48F601D96B03400D19B6B /* AppDelegate.swift in Sources */ = {isa = PBXBuildFile; fileRef = C0E48F5F1D96B03400D19B6B /* AppDelegate.swift */; };
		C0E48F621D96B03400D19B6B /* ViewController.swift in Sources */ = {isa = PBXBuildFile; fileRef = C0E48F611D96B03400D19B6B /* ViewController.swift */; };
		C0E48F651D96B03400D19B6B /* Main.storyboard in Resources */ = {isa = PBXBuildFile; fileRef = C0E48F631D96B03400D19B6B /* Main.storyboard */; };
		C0E48F671D96B03400D19B6B /* Assets.xcassets in Resources */ = {isa = PBXBuildFile; fileRef = C0E48F661D96B03400D19B6B /* Assets.xcassets */; };
		C0E48F6A1D96B03400D19B6B /* LaunchScreen.storyboard in Resources */ = {isa = PBXBuildFile; fileRef = C0E48F681D96B03400D19B6B /* LaunchScreen.storyboard */; };
		C0E48F751D96B03400D19B6B /* accountsTittleQuizTests.swift in Sources */ = {isa = PBXBuildFile; fileRef = C0E48F741D96B03400D19B6B /* accountsTittleQuizTests.swift */; };
		C0E48F801D96B03400D19B6B /* accountsTittleQuizUITests.swift in Sources */ = {isa = PBXBuildFile; fileRef = C0E48F7F1D96B03400D19B6B /* accountsTittleQuizUITests.swift */; };
/* End PBXBuildFile section */

/* Begin PBXContainerItemProxy section */
		C0E48F711D96B03400D19B6B /* PBXContainerItemProxy */ = {
			isa = PBXContainerItemProxy;
			containerPortal = C0E48F541D96B03400D19B6B /* Project object */;
			proxyType = 1;
			remoteGlobalIDString = C0E48F5B1D96B03400D19B6B;
			remoteInfo = accountsTittleQuiz;
		};
		C0E48F7C1D96B03400D19B6B /* PBXContainerItemProxy */ = {
			isa = PBXContainerItemProxy;
			containerPortal = C0E48F541D96B03400D19B6B /* Project object */;
			proxyType = 1;
			remoteGlobalIDString = C0E48F5B1D96B03400D19B6B;
			remoteInfo = accountsTittleQuiz;
		};
/* End PBXContainerItemProxy section */

/* Begin PBXFileReference section */
		C0E48F5C1D96B03400D19B6B /* accountsTittleQuiz.app */ = {isa = PBXFileReference; explicitFileType = wrapper.application; includeInIndex = 0; path = accountsTittleQuiz.app; sourceTree = BUILT_PRODUCTS_DIR; };
		C0E48F5F1D96B03400D19B6B /* AppDelegate.swift */ = {isa = PBXFileReference; lastKnownFileType = sourcecode.swift; path = AppDelegate.swift; sourceTree = "<group>"; };
		C0E48F611D96B03400D19B6B /* ViewController.swift */ = {isa = PBXFileReference; lastKnownFileType = sourcecode.swift; path = ViewController.swift; sourceTree = "<group>"; };
		C0E48F641D96B03400D19B6B /* Base */ = {isa = PBXFileReference; lastKnownFileType = file.storyboard; name = Base; path = Base.lproj/Main.storyboard; sourceTree = "<group>"; };
		C0E48F661D96B03400D19B6B /* Assets.xcassets */ = {isa = PBXFileReference; lastKnownFileType = folder.assetcatalog; path = Assets.xcassets; sourceTree = "<group>"; };
		C0E48F691D96B03400D19B6B /* Base */ = {isa = PBXFileReference; lastKnownFileType = file.storyboard; name = Base; path = Base.lproj/LaunchScreen.storyboard; sourceTree = "<group>"; };
		C0E48F6B1D96B03400D19B6B /* Info.plist */ = {isa = PBXFileReference; lastKnownFileType = text.plist.xml; path = Info.plist; sourceTree = "<group>"; };
		C0E48F701D96B03400D19B6B /* accountsTittleQuizTests.xctest */ = {isa = PBXFileReference; explicitFileType = wrapper.cfbundle; includeInIndex = 0; path = accountsTittleQuizTests.xctest; sourceTree = BUILT_PRODUCTS_DIR; };
		C0E48F741D96B03400D19B6B /* accountsTittleQuizTests.swift */ = {isa = PBXFileReference; lastKnownFileType = sourcecode.swift; path = accountsTittleQuizTests.swift; sourceTree = "<group>"; };
		C0E48F761D96B03400D19B6B /* Info.plist */ = {isa = PBXFileReference; lastKnownFileType = text.plist.xml; path = Info.plist; sourceTree = "<group>"; };
		C0E48F7B1D96B03400D19B6B /* accountsTittleQuizUITests.xctest */ = {isa = PBXFileReference; explicitFileType = wrapper.cfbundle; includeInIndex = 0; path = accountsTittleQuizUITests.xctest; sourceTree = BUILT_PRODUCTS_DIR; };
		C0E48F7F1D96B03400D19B6B /* accountsTittleQuizUITests.swift */ = {isa = PBXFileReference; lastKnownFileType = sourcecode.swift; path = accountsTittleQuizUITests.swift; sourceTree = "<group>"; };
		C0E48F811D96B03400D19B6B /* Info.plist */ = {isa = PBXFileReference; lastKnownFileType = text.plist.xml; path = Info.plist; sourceTree = "<group>"; };
/* End PBXFileReference section */

/* Begin PBXFrameworksBuildPhase section */
		C0E48F591D96B03400D19B6B /* Frameworks */ = {
			isa = PBXFrameworksBuildPhase;
			buildActionMask = 2147483647;
			files = (
			);
			runOnlyForDeploymentPostprocessing = 0;
		};
		C0E48F6D1D96B03400D19B6B /* Frameworks */ = {
			isa = PBXFrameworksBuildPhase;
			buildActionMask = 2147483647;
			files = (
			);
			runOnlyForDeploymentPostprocessing = 0;
		};
		C0E48F781D96B03400D19B6B /* Frameworks */ = {
			isa = PBXFrameworksBuildPhase;
			buildActionMask = 2147483647;
			files = (
			);
			runOnlyForDeploymentPostprocessing = 0;
		};
/* End PBXFrameworksBuildPhase section */

/* Begin PBXGroup section */
		C0E48F531D96B03400D19B6B = {
			isa = PBXGroup;
			children = (
				C0E48F5E1D96B03400D19B6B /* accountsTittleQuiz */,
				C0E48F731D96B03400D19B6B /* accountsTittleQuizTests */,
				C0E48F7E1D96B03400D19B6B /* accountsTittleQuizUITests */,
				C0E48F5D1D96B03400D19B6B /* Products */,
			);
			sourceTree = "<group>";
		};
		C0E48F5D1D96B03400D19B6B /* Products */ = {
			isa = PBXGroup;
			children = (
				C0E48F5C1D96B03400D19B6B /* accountsTittleQuiz.app */,
				C0E48F701D96B03400D19B6B /* accountsTittleQuizTests.xctest */,
				C0E48F7B1D96B03400D19B6B /* accountsTittleQuizUITests.xctest */,
			);
			name = Products;
			sourceTree = "<group>";
		};
		C0E48F5E1D96B03400D19B6B /* accountsTittleQuiz */ = {
			isa = PBXGroup;
			children = (
				C0E48F5F1D96B03400D19B6B /* AppDelegate.swift */,
				C0E48F611D96B03400D19B6B /* ViewController.swift */,
				C0E48F631D96B03400D19B6B /* Main.storyboard */,
				C0E48F661D96B03400D19B6B /* Assets.xcassets */,
				C0E48F681D96B03400D19B6B /* LaunchScreen.storyboard */,
				C0E48F6B1D96B03400D19B6B /* Info.plist */,
			);
			path = accountsTittleQuiz;
			sourceTree = "<group>";
		};
		C0E48F731D96B03400D19B6B /* accountsTittleQuizTests */ = {
			isa = PBXGroup;
			children = (
				C0E48F741D96B03400D19B6B /* accountsTittleQuizTests.swift */,
				C0E48F761D96B03400D19B6B /* Info.plist */,
			);
			path = accountsTittleQuizTests;
			sourceTree = "<group>";
		};
		C0E48F7E1D96B03400D19B6B /* accountsTittleQuizUITests */ = {
			isa = PBXGroup;
			children = (
				C0E48F7F1D96B03400D19B6B /* accountsTittleQuizUITests.swift */,
				C0E48F811D96B03400D19B6B /* Info.plist */,
			);
			path = accountsTittleQuizUITests;
			sourceTree = "<group>";
		};
/* End PBXGroup section */

/* Begin PBXNativeTarget section */
		C0E48F5B1D96B03400D19B6B /* accountsTittleQuiz */ = {
			isa = PBXNativeTarget;
			buildConfigurationList = C0E48F841D96B03400D19B6B /* Build configuration list for PBXNativeTarget "accountsTittleQuiz" */;
			buildPhases = (
				C0E48F581D96B03400D19B6B /* Sources */,
				C0E48F591D96B03400D19B6B /* Frameworks */,
				C0E48F5A1D96B03400D19B6B /* Resources */,
			);
			buildRules = (
			);
			dependencies = (
			);
			name = accountsTittleQuiz;
			productName = accountsTittleQuiz;
			productReference = C0E48F5C1D96B03400D19B6B /* accountsTittleQuiz.app */;
			productType = "com.apple.product-type.application";
		};
		C0E48F6F1D96B03400D19B6B /* accountsTittleQuizTests */ = {
			isa = PBXNativeTarget;
			buildConfigurationList = C0E48F871D96B03400D19B6B /* Build configuration list for PBXNativeTarget "accountsTittleQuizTests" */;
			buildPhases = (
				C0E48F6C1D96B03400D19B6B /* Sources */,
				C0E48F6D1D96B03400D19B6B /* Frameworks */,
				C0E48F6E1D96B03400D19B6B /* Resources */,
			);
			buildRules = (
			);
			dependencies = (
				C0E48F721D96B03400D19B6B /* PBXTargetDependency */,
			);
			name = accountsTittleQuizTests;
			productName = accountsTittleQuizTests;
			productReference = C0E48F701D96B03400D19B6B /* accountsTittleQuizTests.xctest */;
			productType = "com.apple.product-type.bundle.unit-test";
		};
		C0E48F7A1D96B03400D19B6B /* accountsTittleQuizUITests */ = {
			isa = PBXNativeTarget;
			buildConfigurationList = C0E48F8A1D96B03400D19B6B /* Build configuration list for PBXNativeTarget "accountsTittleQuizUITests" */;
			buildPhases = (
				C0E48F771D96B03400D19B6B /* Sources */,
				C0E48F781D96B03400D19B6B /* Frameworks */,
				C0E48F791D96B03400D19B6B /* Resources */,
			);
			buildRules = (
			);
			dependencies = (
				C0E48F7D1D96B03400D19B6B /* PBXTargetDependency */,
			);
			name = accountsTittleQuizUITests;
			productName = accountsTittleQuizUITests;
			productReference = C0E48F7B1D96B03400D19B6B /* accountsTittleQuizUITests.xctest */;
			productType = "com.apple.product-type.bundle.ui-testing";
		};
/* End PBXNativeTarget section */

/* Begin PBXProject section */
		C0E48F541D96B03400D19B6B /* Project object */ = {
			isa = PBXProject;
			attributes = {
				LastSwiftUpdateCheck = 0730;
				LastUpgradeCheck = 0730;
				ORGANIZATIONNAME = "矢吹祐真";
				TargetAttributes = {
					C0E48F5B1D96B03400D19B6B = {
						CreatedOnToolsVersion = 7.3.1;
					};
					C0E48F6F1D96B03400D19B6B = {
						CreatedOnToolsVersion = 7.3.1;
						TestTargetID = C0E48F5B1D96B03400D19B6B;
					};
					C0E48F7A1D96B03400D19B6B = {
						CreatedOnToolsVersion = 7.3.1;
						TestTargetID = C0E48F5B1D96B03400D19B6B;
					};
				};
			};
			buildConfigurationList = C0E48F571D96B03400D19B6B /* Build configuration list for PBXProject "accountsTittleQuiz" */;
			compatibilityVersion = "Xcode 3.2";
			developmentRegion = English;
			hasScannedForEncodings = 0;
			knownRegions = (
				en,
				Base,
			);
			mainGroup = C0E48F531D96B03400D19B6B;
			productRefGroup = C0E48F5D1D96B03400D19B6B /* Products */;
			projectDirPath = "";
			projectRoot = "";
			targets = (
				C0E48F5B1D96B03400D19B6B /* accountsTittleQuiz */,
				C0E48F6F1D96B03400D19B6B /* accountsTittleQuizTests */,
				C0E48F7A1D96B03400D19B6B /* accountsTittleQuizUITests */,
			);
		};
/* End PBXProject section */

/* Begin PBXResourcesBuildPhase section */
		C0E48F5A1D96B03400D19B6B /* Resources */ = {
			isa = PBXResourcesBuildPhase;
			buildActionMask = 2147483647;
			files = (
				C0E48F6A1D96B03400D19B6B /* LaunchScreen.storyboard in Resources */,
				C0E48F671D96B03400D19B6B /* Assets.xcassets in Resources */,
				C0E48F651D96B03400D19B6B /* Main.storyboard in Resources */,
			);
			runOnlyForDeploymentPostprocessing = 0;
		};
		C0E48F6E1D96B03400D19B6B /* Resources */ = {
			isa = PBXResourcesBuildPhase;
			buildActionMask = 2147483647;
			files = (
			);
			runOnlyForDeploymentPostprocessing = 0;
		};
		C0E48F791D96B03400D19B6B /* Resources */ = {
			isa = PBXResourcesBuildPhase;
			buildActionMask = 2147483647;
			files = (
			);
			runOnlyForDeploymentPostprocessing = 0;
		};
/* End PBXResourcesBuildPhase section */

/* Begin PBXSourcesBuildPhase section */
		C0E48F581D96B03400D19B6B /* Sources */ = {
			isa = PBXSourcesBuildPhase;
			buildActionMask = 2147483647;
			files = (
				C0E48F621D96B03400D19B6B /* ViewController.swift in Sources */,
				C0E48F601D96B03400D19B6B /* AppDelegate.swift in Sources */,
			);
			runOnlyForDeploymentPostprocessing = 0;
		};
		C0E48F6C1D96B03400D19B6B /* Sources */ = {
			isa = PBXSourcesBuildPhase;
			buildActionMask = 2147483647;
			files = (
				C0E48F751D96B03400D19B6B /* accountsTittleQuizTests.swift in Sources */,
			);
			runOnlyForDeploymentPostprocessing = 0;
		};
		C0E48F771D96B03400D19B6B /* Sources */ = {
			isa = PBXSourcesBuildPhase;
			buildActionMask = 2147483647;
			files = (
				C0E48F801D96B03400D19B6B /* accountsTittleQuizUITests.swift in Sources */,
			);
			runOnlyForDeploymentPostprocessing = 0;
		};
/* End PBXSourcesBuildPhase section */

/* Begin PBXTargetDependency section */
		C0E48F721D96B03400D19B6B /* PBXTargetDependency */ = {
			isa = PBXTargetDependency;
			target = C0E48F5B1D96B03400D19B6B /* accountsTittleQuiz */;
			targetProxy = C0E48F711D96B03400D19B6B /* PBXContainerItemProxy */;
		};
		C0E48F7D1D96B03400D19B6B /* PBXTargetDependency */ = {
			isa = PBXTargetDependency;
			target = C0E48F5B1D96B03400D19B6B /* accountsTittleQuiz */;
			targetProxy = C0E48F7C1D96B03400D19B6B /* PBXContainerItemProxy */;
		};
/* End PBXTargetDependency section */

/* Begin PBXVariantGroup section */
		C0E48F631D96B03400D19B6B /* Main.storyboard */ = {
			isa = PBXVariantGroup;
			children = (
				C0E48F641D96B03400D19B6B /* Base */,
			);
			name = Main.storyboard;
			sourceTree = "<group>";
		};
		C0E48F681D96B03400D19B6B /* LaunchScreen.storyboard */ = {
			isa = PBXVariantGroup;
			children = (
				C0E48F691D96B03400D19B6B /* Base */,
			);
			name = LaunchScreen.storyboard;
			sourceTree = "<group>";
		};
/* End PBXVariantGroup section */

/* Begin XCBuildConfiguration section */
		C0E48F821D96B03400D19B6B /* Debug */ = {
			isa = XCBuildConfiguration;
			buildSettings = {
				ALWAYS_SEARCH_USER_PATHS = NO;
				CLANG_ANALYZER_NONNULL = YES;
				CLANG_CXX_LANGUAGE_STANDARD = "gnu++0x";
				CLANG_CXX_LIBRARY = "libc++";
				CLANG_ENABLE_MODULES = YES;
				CLANG_ENABLE_OBJC_ARC = YES;
				CLANG_WARN_BOOL_CONVERSION = YES;
				CLANG_WARN_CONSTANT_CONVERSION = YES;
				CLANG_WARN_DIRECT_OBJC_ISA_USAGE = YES_ERROR;
				CLANG_WARN_EMPTY_BODY = YES;
				CLANG_WARN_ENUM_CONVERSION = YES;
				CLANG_WARN_INT_CONVERSION = YES;
				CLANG_WARN_OBJC_ROOT_CLASS = YES_ERROR;
				CLANG_WARN_UNREACHABLE_CODE = YES;
				CLANG_WARN__DUPLICATE_METHOD_MATCH = YES;
				"CODE_SIGN_IDENTITY[sdk=iphoneos*]" = "iPhone Developer";
				COPY_PHASE_STRIP = NO;
				DEBUG_INFORMATION_FORMAT = dwarf;
				ENABLE_STRICT_OBJC_MSGSEND = YES;
				ENABLE_TESTABILITY = YES;
				GCC_C_LANGUAGE_STANDARD = gnu99;
				GCC_DYNAMIC_NO_PIC = NO;
				GCC_NO_COMMON_BLOCKS = YES;
				GCC_OPTIMIZATION_LEVEL = 0;
				GCC_PREPROCESSOR_DEFINITIONS = (
					"DEBUG=1",
					"$(inherited)",
				);
				GCC_WARN_64_TO_32_BIT_CONVERSION = YES;
				GCC_WARN_ABOUT_RETURN_TYPE = YES_ERROR;
				GCC_WARN_UNDECLARED_SELECTOR = YES;
				GCC_WARN_UNINITIALIZED_AUTOS = YES_AGGRESSIVE;
				GCC_WARN_UNUSED_FUNCTION = YES;
				GCC_WARN_UNUSED_VARIABLE = YES;
				IPHONEOS_DEPLOYMENT_TARGET = 9.3;
				MTL_ENABLE_DEBUG_INFO = YES;
				ONLY_ACTIVE_ARCH = YES;
				SDKROOT = iphoneos;
				SWIFT_OPTIMIZATION_LEVEL = "-Onone";
				TARGETED_DEVICE_FAMILY = "1,2";
			};
			name = Debug;
		};
		C0E48F831D96B03400D19B6B /* Release */ = {
			isa = XCBuildConfiguration;
			buildSettings = {
				ALWAYS_SEARCH_USER_PATHS = NO;
				CLANG_ANALYZER_NONNULL = YES;
				CLANG_CXX_LANGUAGE_STANDARD = "gnu++0x";
				CLANG_CXX_LIBRARY = "libc++";
				CLANG_ENABLE_MODULES = YES;
				CLANG_ENABLE_OBJC_ARC = YES;
				CLANG_WARN_BOOL_CONVERSION = YES;
				CLANG_WARN_CONSTANT_CONVERSION = YES;
				CLANG_WARN_DIRECT_OBJC_ISA_USAGE = YES_ERROR;
				CLANG_WARN_EMPTY_BODY = YES;
				CLANG_WARN_ENUM_CONVERSION = YES;
				CLANG_WARN_INT_CONVERSION = YES;
				CLANG_WARN_OBJC_ROOT_CLASS = YES_ERROR;
				CLANG_WARN_UNREACHABLE_CODE = YES;
				CLANG_WARN__DUPLICATE_METHOD_MATCH = YES;
				"CODE_SIGN_IDENTITY[sdk=iphoneos*]" = "iPhone Developer";
				COPY_PHASE_STRIP = NO;
				DEBUG_INFORMATION_FORMAT = "dwarf-with-dsym";
				ENABLE_NS_ASSERTIONS = NO;
				ENABLE_STRICT_OBJC_MSGSEND = YES;
				GCC_C_LANGUAGE_STANDARD = gnu99;
				GCC_NO_COMMON_BLOCKS = YES;
				GCC_WARN_64_TO_32_BIT_CONVERSION = YES;
				GCC_WARN_ABOUT_RETURN_TYPE = YES_ERROR;
				GCC_WARN_UNDECLARED_SELECTOR = YES;
				GCC_WARN_UNINITIALIZED_AUTOS = YES_AGGRESSIVE;
				GCC_WARN_UNUSED_FUNCTION = YES;
				GCC_WARN_UNUSED_VARIABLE = YES;
				IPHONEOS_DEPLOYMENT_TARGET = 9.3;
				MTL_ENABLE_DEBUG_INFO = NO;
				SDKROOT = iphoneos;
				TARGETED_DEVICE_FAMILY = "1,2";
				VALIDATE_PRODUCT = YES;
			};
			name = Release;
		};
		C0E48F851D96B03400D19B6B /* Debug */ = {
			isa = XCBuildConfiguration;
			buildSettings = {
				ASSETCATALOG_COMPILER_APPICON_NAME = AppIcon;
				INFOPLIST_FILE = accountsTittleQuiz/Info.plist;
				LD_RUNPATH_SEARCH_PATHS = "$(inherited) @executable_path/Frameworks";
				PRODUCT_BUNDLE_IDENTIFIER = YumaYabuki.accountsTittleQuiz;
				PRODUCT_NAME = "$(TARGET_NAME)";
			};
			name = Debug;
		};
		C0E48F861D96B03400D19B6B /* Release */ = {
			isa = XCBuildConfiguration;
			buildSettings = {
				ASSETCATALOG_COMPILER_APPICON_NAME = AppIcon;
				INFOPLIST_FILE = accountsTittleQuiz/Info.plist;
				LD_RUNPATH_SEARCH_PATHS = "$(inherited) @executable_path/Frameworks";
				PRODUCT_BUNDLE_IDENTIFIER = YumaYabuki.accountsTittleQuiz;
				PRODUCT_NAME = "$(TARGET_NAME)";
			};
			name = Release;
		};
		C0E48F881D96B03400D19B6B /* Debug */ = {
			isa = XCBuildConfiguration;
			buildSettings = {
				BUNDLE_LOADER = "$(TEST_HOST)";
				INFOPLIST_FILE = accountsTittleQuizTests/Info.plist;
				LD_RUNPATH_SEARCH_PATHS = "$(inherited) @executable_path/Frameworks @loader_path/Frameworks";
				PRODUCT_BUNDLE_IDENTIFIER = YumaYabuki.accountsTittleQuizTests;
				PRODUCT_NAME = "$(TARGET_NAME)";
				TEST_HOST = "$(BUILT_PRODUCTS_DIR)/accountsTittleQuiz.app/accountsTittleQuiz";
			};
			name = Debug;
		};
		C0E48F891D96B03400D19B6B /* Release */ = {
			isa = XCBuildConfiguration;
			buildSettings = {
				BUNDLE_LOADER = "$(TEST_HOST)";
				INFOPLIST_FILE = accountsTittleQuizTests/Info.plist;
				LD_RUNPATH_SEARCH_PATHS = "$(inherited) @executable_path/Frameworks @loader_path/Frameworks";
				PRODUCT_BUNDLE_IDENTIFIER = YumaYabuki.accountsTittleQuizTests;
				PRODUCT_NAME = "$(TARGET_NAME)";
				TEST_HOST = "$(BUILT_PRODUCTS_DIR)/accountsTittleQuiz.app/accountsTittleQuiz";
			};
			name = Release;
		};
		C0E48F8B1D96B03400D19B6B /* Debug */ = {
			isa = XCBuildConfiguration;
			buildSettings = {
				INFOPLIST_FILE = accountsTittleQuizUITests/Info.plist;
				LD_RUNPATH_SEARCH_PATHS = "$(inherited) @executable_path/Frameworks @loader_path/Frameworks";
				PRODUCT_BUNDLE_IDENTIFIER = YumaYabuki.accountsTittleQuizUITests;
				PRODUCT_NAME = "$(TARGET_NAME)";
				TEST_TARGET_NAME = accountsTittleQuiz;
			};
			name = Debug;
		};
		C0E48F8C1D96B03400D19B6B /* Release */ = {
			isa = XCBuildConfiguration;
			buildSettings = {
				INFOPLIST_FILE = accountsTittleQuizUITests/Info.plist;
				LD_RUNPATH_SEARCH_PATHS = "$(inherited) @executable_path/Frameworks @loader_path/Frameworks";
				PRODUCT_BUNDLE_IDENTIFIER = YumaYabuki.accountsTittleQuizUITests;
				PRODUCT_NAME = "$(TARGET_NAME)";
				TEST_TARGET_NAME = accountsTittleQuiz;
			};
			name = Release;
		};
/* End XCBuildConfiguration section */

/* Begin XCConfigurationList section */
		C0E48F571D96B03400D19B6B /* Build configuration list for PBXProject "accountsTittleQuiz" */ = {
			isa = XCConfigurationList;
			buildConfigurations = (
				C0E48F821D96B03400D19B6B /* Debug */,
				C0E48F831D96B03400D19B6B /* Release */,
			);
			defaultConfigurationIsVisible = 0;
			defaultConfigurationName = Release;
		};
		C0E48F841D96B03400D19B6B /* Build configuration list for PBXNativeTarget "accountsTittleQuiz" */ = {
			isa = XCConfigurationList;
			buildConfigurations = (
				C0E48F851D96B03400D19B6B /* Debug */,
				C0E48F861D96B03400D19B6B /* Release */,
			);
			defaultConfigurationIsVisible = 0;
		};
		C0E48F871D96B03400D19B6B /* Build configuration list for PBXNativeTarget "accountsTittleQuizTests" */ = {
			isa = XCConfigurationList;
			buildConfigurations = (
				C0E48F881D96B03400D19B6B /* Debug */,
				C0E48F891D96B03400D19B6B /* Release */,
			);
			defaultConfigurationIsVisible = 0;
		};
		C0E48F8A1D96B03400D19B6B /* Build configuration list for PBXNativeTarget "accountsTittleQuizUITests" */ = {
			isa = XCConfigurationList;
			buildConfigurations = (
				C0E48F8B1D96B03400D19B6B /* Debug */,
				C0E48F8C1D96B03400D19B6B /* Release */,
			);
			defaultConfigurationIsVisible = 0;
		};
/* End XCConfigurationList section */
	};
	rootObject = C0E48F541D96B03400D19B6B /* Project object */;
}
